// !$*UTF8*$!
{
	archiveVersion = 1;
	classes = {
	};
	objectVersion = 56;
	objects = {

/* Begin PBXBuildFile section */
		2419FF9128C5E23D0089DF70 /* AppDelegate.swift in Sources */ = {isa = PBXBuildFile; fileRef = 2419FF9028C5E23D0089DF70 /* AppDelegate.swift */; };
		2419FF9328C5E23D0089DF70 /* SceneDelegate.swift in Sources */ = {isa = PBXBuildFile; fileRef = 2419FF9228C5E23D0089DF70 /* SceneDelegate.swift */; };
		2419FF9528C5E23D0089DF70 /* ViewController.swift in Sources */ = {isa = PBXBuildFile; fileRef = 2419FF9428C5E23D0089DF70 /* ViewController.swift */; };
		2419FF9828C5E23D0089DF70 /* Main.storyboard in Resources */ = {isa = PBXBuildFile; fileRef = 2419FF9628C5E23D0089DF70 /* Main.storyboard */; };
		2419FF9A28C5E23F0089DF70 /* Assets.xcassets in Resources */ = {isa = PBXBuildFile; fileRef = 2419FF9928C5E23F0089DF70 /* Assets.xcassets */; };
		2419FF9D28C5E23F0089DF70 /* LaunchScreen.storyboard in Resources */ = {isa = PBXBuildFile; fileRef = 2419FF9B28C5E23F0089DF70 /* LaunchScreen.storyboard */; };
		2419FFA528C5E3500089DF70 /* TableViewCell.swift in Sources */ = {isa = PBXBuildFile; fileRef = 2419FFA428C5E3500089DF70 /* TableViewCell.swift */; };
		2419FFA728C5E3A90089DF70 /* TableViewExtension.swift in Sources */ = {isa = PBXBuildFile; fileRef = 2419FFA628C5E3A90089DF70 /* TableViewExtension.swift */; };
/* End PBXBuildFile section */

/* Begin PBXFileReference section */
		2419FF8D28C5E23D0089DF70 /* TableGrid.app */ = {isa = PBXFileReference; explicitFileType = wrapper.application; includeInIndex = 0; path = TableGrid.app; sourceTree = BUILT_PRODUCTS_DIR; };
		2419FF9028C5E23D0089DF70 /* AppDelegate.swift */ = {isa = PBXFileReference; lastKnownFileType = sourcecode.swift; path = AppDelegate.swift; sourceTree = "<group>"; };
		2419FF9228C5E23D0089DF70 /* SceneDelegate.swift */ = {isa = PBXFileReference; lastKnownFileType = sourcecode.swift; path = SceneDelegate.swift; sourceTree = "<group>"; };
		2419FF9428C5E23D0089DF70 /* ViewController.swift */ = {isa = PBXFileReference; lastKnownFileType = sourcecode.swift; path = ViewController.swift; sourceTree = "<group>"; };
		2419FF9728C5E23D0089DF70 /* Base */ = {isa = PBXFileReference; lastKnownFileType = file.storyboard; name = Base; path = Base.lproj/Main.storyboard; sourceTree = "<group>"; };
		2419FF9928C5E23F0089DF70 /* Assets.xcassets */ = {isa = PBXFileReference; lastKnownFileType = folder.assetcatalog; path = Assets.xcassets; sourceTree = "<group>"; };
		2419FF9C28C5E23F0089DF70 /* Base */ = {isa = PBXFileReference; lastKnownFileType = file.storyboard; name = Base; path = Base.lproj/LaunchScreen.storyboard; sourceTree = "<group>"; };
		2419FF9E28C5E23F0089DF70 /* Info.plist */ = {isa = PBXFileReference; lastKnownFileType = text.plist.xml; path = Info.plist; sourceTree = "<group>"; };
		2419FFA428C5E3500089DF70 /* TableViewCell.swift */ = {isa = PBXFileReference; lastKnownFileType = sourcecode.swift; path = TableViewCell.swift; sourceTree = "<group>"; };
		2419FFA628C5E3A90089DF70 /* TableViewExtension.swift */ = {isa = PBXFileReference; lastKnownFileType = sourcecode.swift; path = TableViewExtension.swift; sourceTree = "<group>"; };
/* End PBXFileReference section */

/* Begin PBXFrameworksBuildPhase section */
		2419FF8A28C5E23D0089DF70 /* Frameworks */ = {
			isa = PBXFrameworksBuildPhase;
			buildActionMask = 2147483647;
			files = (
			);
			runOnlyForDeploymentPostprocessing = 0;
		};
/* End PBXFrameworksBuildPhase section */

/* Begin PBXGroup section */
		2419FF8428C5E23D0089DF70 = {
			isa = PBXGroup;
			children = (
				2419FF8F28C5E23D0089DF70 /* TableGrid */,
				2419FF8E28C5E23D0089DF70 /* Products */,
			);
			sourceTree = "<group>";
		};
		2419FF8E28C5E23D0089DF70 /* Products */ = {
			isa = PBXGroup;
			children = (
				2419FF8D28C5E23D0089DF70 /* TableGrid.app */,
			);
			name = Products;
			sourceTree = "<group>";
		};
		2419FF8F28C5E23D0089DF70 /* TableGrid */ = {
			isa = PBXGroup;
			children = (
				2419FF9028C5E23D0089DF70 /* AppDelegate.swift */,
				2419FF9228C5E23D0089DF70 /* SceneDelegate.swift */,
				2419FF9428C5E23D0089DF70 /* ViewController.swift */,
				2419FF9628C5E23D0089DF70 /* Main.storyboard */,
				2419FF9928C5E23F0089DF70 /* Assets.xcassets */,
				2419FF9B28C5E23F0089DF70 /* LaunchScreen.storyboard */,
				2419FF9E28C5E23F0089DF70 /* Info.plist */,
				2419FFA428C5E3500089DF70 /* TableViewCell.swift */,
				2419FFA628C5E3A90089DF70 /* TableViewExtension.swift */,
			);
			path = TableGrid;
			sourceTree = "<group>";
		};
/* End PBXGroup section */

/* Begin PBXNativeTarget section */
		2419FF8C28C5E23D0089DF70 /* TableGrid */ = {
			isa = PBXNativeTarget;
			buildConfigurationList = 2419FFA128C5E23F0089DF70 /* Build configuration list for PBXNativeTarget "TableGrid" */;
			buildPhases = (
				2419FF8928C5E23D0089DF70 /* Sources */,
				2419FF8A28C5E23D0089DF70 /* Frameworks */,
				2419FF8B28C5E23D0089DF70 /* Resources */,
			);
			buildRules = (
			);
			dependencies = (
			);
			name = TableGrid;
			productName = TableGrid;
			productReference = 2419FF8D28C5E23D0089DF70 /* TableGrid.app */;
			productType = "com.apple.product-type.application";
		};
/* End PBXNativeTarget section */

/* Begin PBXProject section */
		2419FF8528C5E23D0089DF70 /* Project object */ = {
			isa = PBXProject;
			attributes = {
				BuildIndependentTargetsInParallel = 1;
				LastSwiftUpdateCheck = 1400;
				LastUpgradeCheck = 1400;
				TargetAttributes = {
					2419FF8C28C5E23D0089DF70 = {
						CreatedOnToolsVersion = 14.0;
					};
				};
			};
			buildConfigurationList = 2419FF8828C5E23D0089DF70 /* Build configuration list for PBXProject "TableGrid" */;
			compatibilityVersion = "Xcode 14.0";
			developmentRegion = en;
			hasScannedForEncodings = 0;
			knownRegions = (
				en,
				Base,
			);
			mainGroup = 2419FF8428C5E23D0089DF70;
			productRefGroup = 2419FF8E28C5E23D0089DF70 /* Products */;
			projectDirPath = "";
			projectRoot = "";
			targets = (
				2419FF8C28C5E23D0089DF70 /* TableGrid */,
			);
		};
/* End PBXProject section */

/* Begin PBXResourcesBuildPhase section */
		2419FF8B28C5E23D0089DF70 /* Resources */ = {
			isa = PBXResourcesBuildPhase;
			buildActionMask = 2147483647;
			files = (
				2419FF9D28C5E23F0089DF70 /* LaunchScreen.storyboard in Resources */,
				2419FF9A28C5E23F0089DF70 /* Assets.xcassets in Resources */,
				2419FF9828C5E23D0089DF70 /* Main.storyboard in Resources */,
			);
			runOnlyForDeploymentPostprocessing = 0;
		};
/* End PBXResourcesBuildPhase section */

/* Begin PBXSourcesBuildPhase section */
		2419FF8928C5E23D0089DF70 /* Sources */ = {
			isa = PBXSourcesBuildPhase;
			buildActionMask = 2147483647;
			files = (
				2419FF9528C5E23D0089DF70 /* ViewController.swift in Sources */,
				2419FFA528C5E3500089DF70 /* TableViewCell.swift in Sources */,
				2419FF9128C5E23D0089DF70 /* AppDelegate.swift in Sources */,
				2419FF9328C5E23D0089DF70 /* SceneDelegate.swift in Sources */,
				2419FFA728C5E3A90089DF70 /* TableViewExtension.swift in Sources */,
			);
			runOnlyForDeploymentPostprocessing = 0;
		};
/* End PBXSourcesBuildPhase section */

/* Begin PBXVariantGroup section */
		2419FF9628C5E23D0089DF70 /* Main.storyboard */ = {
			isa = PBXVariantGroup;
			children = (
				2419FF9728C5E23D0089DF70 /* Base */,
			);
			name = Main.storyboard;
			sourceTree = "<group>";
		};
		2419FF9B28C5E23F0089DF70 /* LaunchScreen.storyboard */ = {
			isa = PBXVariantGroup;
			children = (
				2419FF9C28C5E23F0089DF70 /* Base */,
			);
			name = LaunchScreen.storyboard;
			sourceTree = "<group>";
		};
/* End PBXVariantGroup section */

/* Begin XCBuildConfiguration section */
		2419FF9F28C5E23F0089DF70 /* Debug */ = {
			isa = XCBuildConfiguration;
			buildSettings = {
				ALWAYS_SEARCH_USER_PATHS = NO;
				CLANG_ANALYZER_NONNULL = YES;
				CLANG_ANALYZER_NUMBER_OBJECT_CONVERSION = YES_AGGRESSIVE;
				CLANG_CXX_LANGUAGE_STANDARD = "gnu++20";
				CLANG_ENABLE_MODULES = YES;
				CLANG_ENABLE_OBJC_ARC = YES;
				CLANG_ENABLE_OBJC_WEAK = YES;
				CLANG_WARN_BLOCK_CAPTURE_AUTORELEASING = YES;
				CLANG_WARN_BOOL_CONVERSION = YES;
				CLANG_WARN_COMMA = YES;
				CLANG_WARN_CONSTANT_CONVERSION = YES;
				CLANG_WARN_DEPRECATED_OBJC_IMPLEMENTATIONS = YES;
				CLANG_WARN_DIRECT_OBJC_ISA_USAGE = YES_ERROR;
				CLANG_WARN_DOCUMENTATION_COMMENTS = YES;
				CLANG_WARN_EMPTY_BODY = YES;
				CLANG_WARN_ENUM_CONVERSION = YES;
				CLANG_WARN_INFINITE_RECURSION = YES;
				CLANG_WARN_INT_CONVERSION = YES;
				CLANG_WARN_NON_LITERAL_NULL_CONVERSION = YES;
				CLANG_WARN_OBJC_IMPLICIT_RETAIN_SELF = YES;
				CLANG_WARN_OBJC_LITERAL_CONVERSION = YES;
				CLANG_WARN_OBJC_ROOT_CLASS = YES_ERROR;
				CLANG_WARN_QUOTED_INCLUDE_IN_FRAMEWORK_HEADER = YES;
				CLANG_WARN_RANGE_LOOP_ANALYSIS = YES;
				CLANG_WARN_STRICT_PROTOTYPES = YES;
				CLANG_WARN_SUSPICIOUS_MOVE = YES;
				CLANG_WARN_UNGUARDED_AVAILABILITY = YES_AGGRESSIVE;
				CLANG_WARN_UNREACHABLE_CODE = YES;
				CLANG_WARN__DUPLICATE_METHOD_MATCH = YES;
				COPY_PHASE_STRIP = NO;
				DEBUG_INFORMATION_FORMAT = dwarf;
				ENABLE_STRICT_OBJC_MSGSEND = YES;
				ENABLE_TESTABILITY = YES;
				GCC_C_LANGUAGE_STANDARD = gnu11;
				GCC_DYNAMIC_NO_PIC = NO;
				GCC_NO_COMMON_BLOCKS = YES;
				GCC_OPTIMIZATION_LEVEL = 0;
				GCC_PREPROCESSOR_DEFINITIONS = (
					"DEBUG=1",
					"$(inherited)",
				);
				GCC_WARN_64_TO_32_BIT_CONVERSION = YES;
				GCC_WARN_ABOUT_RETURN_TYPE = YES_ERROR;
				GCC_WARN_UNDECLARED_SELECTOR = YES;
				GCC_WARN_UNINITIALIZED_AUTOS = YES_AGGRESSIVE;
				GCC_WARN_UNUSED_FUNCTION = YES;
				GCC_WARN_UNUSED_VARIABLE = YES;
				IPHONEOS_DEPLOYMENT_TARGET = 16.0;
				MTL_ENABLE_DEBUG_INFO = INCLUDE_SOURCE;
				MTL_FAST_MATH = YES;
				ONLY_ACTIVE_ARCH = YES;
				SDKROOT = iphoneos;
				SWIFT_ACTIVE_COMPILATION_CONDITIONS = DEBUG;
				SWIFT_OPTIMIZATION_LEVEL = "-Onone";
			};
			name = Debug;
		};
		2419FFA028C5E23F0089DF70 /* Release */ = {
			isa = XCBuildConfiguration;
			buildSettings = {
				ALWAYS_SEARCH_USER_PATHS = NO;
				CLANG_ANALYZER_NONNULL = YES;
				CLANG_ANALYZER_NUMBER_OBJECT_CONVERSION = YES_AGGRESSIVE;
				CLANG_CXX_LANGUAGE_STANDARD = "gnu++20";
				CLANG_ENABLE_MODULES = YES;
				CLANG_ENABLE_OBJC_ARC = YES;
				CLANG_ENABLE_OBJC_WEAK = YES;
				CLANG_WARN_BLOCK_CAPTURE_AUTORELEASING = YES;
				CLANG_WARN_BOOL_CONVERSION = YES;
				CLANG_WARN_COMMA = YES;
				CLANG_WARN_CONSTANT_CONVERSION = YES;
				CLANG_WARN_DEPRECATED_OBJC_IMPLEMENTATIONS = YES;
				CLANG_WARN_DIRECT_OBJC_ISA_USAGE = YES_ERROR;
				CLANG_WARN_DOCUMENTATION_COMMENTS = YES;
				CLANG_WARN_EMPTY_BODY = YES;
				CLANG_WARN_ENUM_CONVERSION = YES;
				CLANG_WARN_INFINITE_RECURSION = YES;
				CLANG_WARN_INT_CONVERSION = YES;
				CLANG_WARN_NON_LITERAL_NULL_CONVERSION = YES;
				CLANG_WARN_OBJC_IMPLICIT_RETAIN_SELF = YES;
				CLANG_WARN_OBJC_LITERAL_CONVERSION = YES;
				CLANG_WARN_OBJC_ROOT_CLASS = YES_ERROR;
				CLANG_WARN_QUOTED_INCLUDE_IN_FRAMEWORK_HEADER = YES;
				CLANG_WARN_RANGE_LOOP_ANALYSIS = YES;
				CLANG_WARN_STRICT_PROTOTYPES = YES;
				CLANG_WARN_SUSPICIOUS_MOVE = YES;
				CLANG_WARN_UNGUARDED_AVAILABILITY = YES_AGGRESSIVE;
				CLANG_WARN_UNREACHABLE_CODE = YES;
				CLANG_WARN__DUPLICATE_METHOD_MATCH = YES;
				COPY_PHASE_STRIP = NO;
				DEBUG_INFORMATION_FORMAT = "dwarf-with-dsym";
				ENABLE_NS_ASSERTIONS = NO;
				ENABLE_STRICT_OBJC_MSGSEND = YES;
				GCC_C_LANGUAGE_STANDARD = gnu11;
				GCC_NO_COMMON_BLOCKS = YES;
				GCC_WARN_64_TO_32_BIT_CONVERSION = YES;
				GCC_WARN_ABOUT_RETURN_TYPE = YES_ERROR;
				GCC_WARN_UNDECLARED_SELECTOR = YES;
				GCC_WARN_UNINITIALIZED_AUTOS = YES_AGGRESSIVE;
				GCC_WARN_UNUSED_FUNCTION = YES;
				GCC_WARN_UNUSED_VARIABLE = YES;
				IPHONEOS_DEPLOYMENT_TARGET = 16.0;
				MTL_ENABLE_DEBUG_INFO = NO;
				MTL_FAST_MATH = YES;
				SDKROOT = iphoneos;
				SWIFT_COMPILATION_MODE = wholemodule;
				SWIFT_OPTIMIZATION_LEVEL = "-O";
				VALIDATE_PRODUCT = YES;
			};
			name = Release;
		};
		2419FFA228C5E23F0089DF70 /* Debug */ = {
			isa = XCBuildConfiguration;
			buildSettings = {
				ASSETCATALOG_COMPILER_APPICON_NAME = AppIcon;
				ASSETCATALOG_COMPILER_GLOBAL_ACCENT_COLOR_NAME = AccentColor;
				CODE_SIGN_STYLE = Automatic;
				CURRENT_PROJECT_VERSION = 1;
				DEVELOPMENT_TEAM = 88K62PKM46;
				GENERATE_INFOPLIST_FILE = YES;
				INFOPLIST_FILE = TableGrid/Info.plist;
				INFOPLIST_KEY_UIApplicationSupportsIndirectInputEvents = YES;
				INFOPLIST_KEY_UILaunchStoryboardName = LaunchScreen;
				INFOPLIST_KEY_UIMainStoryboardFile = Main;
				INFOPLIST_KEY_UISupportedInterfaceOrientations_iPad = "UIInterfaceOrientationPortrait UIInterfaceOrientationPortraitUpsideDown UIInterfaceOrientationLandscapeLeft UIInterfaceOrientationLandscapeRight";
				INFOPLIST_KEY_UISupportedInterfaceOrientations_iPhone = "UIInterfaceOrientationPortrait UIInterfaceOrientationLandscapeLeft UIInterfaceOrientationLandscapeRight";
				LD_RUNPATH_SEARCH_PATHS = (
					"$(inherited)",
					"@executable_path/Frameworks",
				);
				MARKETING_VERSION = 1.0;
				PRODUCT_BUNDLE_IDENTIFIER = INDMoney.TableGrid;
				PRODUCT_NAME = "$(TARGET_NAME)";
				SWIFT_EMIT_LOC_STRINGS = YES;
				SWIFT_VERSION = 5.0;
				TARGETED_DEVICE_FAMILY = "1,2";
			};
			name = Debug;
		};
		2419FFA328C5E23F0089DF70 /* Release */ = {
			isa = XCBuildConfiguration;
			buildSettings = {
				ASSETCATALOG_COMPILER_APPICON_NAME = AppIcon;
				ASSETCATALOG_COMPILER_GLOBAL_ACCENT_COLOR_NAME = AccentColor;
				CODE_SIGN_STYLE = Automatic;
				CURRENT_PROJECT_VERSION = 1;
				DEVELOPMENT_TEAM = 88K62PKM46;
				GENERATE_INFOPLIST_FILE = YES;
				INFOPLIST_FILE = TableGrid/Info.plist;
				INFOPLIST_KEY_UIApplicationSupportsIndirectInputEvents = YES;
				INFOPLIST_KEY_UILaunchStoryboardName = LaunchScreen;
				INFOPLIST_KEY_UIMainStoryboardFile = Main;
				INFOPLIST_KEY_UISupportedInterfaceOrientations_iPad = "UIInterfaceOrientationPortrait UIInterfaceOrientationPortraitUpsideDown UIInterfaceOrientationLandscapeLeft UIInterfaceOrientationLandscapeRight";
				INFOPLIST_KEY_UISupportedInterfaceOrientations_iPhone = "UIInterfaceOrientationPortrait UIInterfaceOrientationLandscapeLeft UIInterfaceOrientationLandscapeRight";
				LD_RUNPATH_SEARCH_PATHS = (
					"$(inherited)",
					"@executable_path/Frameworks",
				);
				MARKETING_VERSION = 1.0;
				PRODUCT_BUNDLE_IDENTIFIER = INDMoney.TableGrid;
				PRODUCT_NAME = "$(TARGET_NAME)";
				SWIFT_EMIT_LOC_STRINGS = YES;
				SWIFT_VERSION = 5.0;
				TARGETED_DEVICE_FAMILY = "1,2";
			};
			name = Release;
		};
/* End XCBuildConfiguration section */

/* Begin XCConfigurationList section */
		2419FF8828C5E23D0089DF70 /* Build configuration list for PBXProject "TableGrid" */ = {
			isa = XCConfigurationList;
			buildConfigurations = (
				2419FF9F28C5E23F0089DF70 /* Debug */,
				2419FFA028C5E23F0089DF70 /* Release */,
			);
			defaultConfigurationIsVisible = 0;
			defaultConfigurationName = Release;
		};
		2419FFA128C5E23F0089DF70 /* Build configuration list for PBXNativeTarget "TableGrid" */ = {
			isa = XCConfigurationList;
			buildConfigurations = (
				2419FFA228C5E23F0089DF70 /* Debug */,
				2419FFA328C5E23F0089DF70 /* Release */,
			);
			defaultConfigurationIsVisible = 0;
			defaultConfigurationName = Release;
		};
/* End XCConfigurationList section */
	};
	rootObject = 2419FF8528C5E23D0089DF70 /* Project object */;
}
